
Microsoft Visual Studio Solution File, Format Version 12.00
# Visual Studio Version 16
VisualStudioVersion = 16.0.30717.126
MinimumVisualStudioVersion = 10.0.40219.1
Project("{FAE04EC0-301F-11D3-BF4B-00C04F79EFBC}") = "CursoOline.DominioTest", "test\CursoOline.DominioTest\CursoOline.DominioTest.csproj", "{24E4C331-6814-4F41-9690-AFAD5512E783}"
EndProject
Project("{FAE04EC0-301F-11D3-BF4B-00C04F79EFBC}") = "CursoOnline.Dominio", "src\CursoOnline.Dominio\CursoOnline.Dominio.csproj", "{5F0E47FE-7D34-4FB1-8993-8BF95B6F1044}"
EndProject
Global
	GlobalSection(SolutionConfigurationPlatforms) = preSolution
		Debug|Any CPU = Debug|Any CPU
		Release|Any CPU = Release|Any CPU
	EndGlobalSection
	GlobalSection(ProjectConfigurationPlatforms) = postSolution
		{24E4C331-6814-4F41-9690-AFAD5512E783}.Debug|Any CPU.ActiveCfg = Debug|Any CPU
		{24E4C331-6814-4F41-9690-AFAD5512E783}.Debug|Any CPU.Build.0 = Debug|Any CPU
		{24E4C331-6814-4F41-9690-AFAD5512E783}.Release|Any CPU.ActiveCfg = Release|Any CPU
		{24E4C331-6814-4F41-9690-AFAD5512E783}.Release|Any CPU.Build.0 = Release|Any CPU
		{5F0E47FE-7D34-4FB1-8993-8BF95B6F1044}.Debug|Any CPU.ActiveCfg = Debug|Any CPU
		{5F0E47FE-7D34-4FB1-8993-8BF95B6F1044}.Debug|Any CPU.Build.0 = Debug|Any CPU
		{5F0E47FE-7D34-4FB1-8993-8BF95B6F1044}.Release|Any CPU.ActiveCfg = Release|Any CPU
		{5F0E47FE-7D34-4FB1-8993-8BF95B6F1044}.Release|Any CPU.Build.0 = Release|Any CPU
	EndGlobalSection
	GlobalSection(SolutionProperties) = preSolution
		HideSolutionNode = FALSE
	EndGlobalSection
	GlobalSection(ExtensibilityGlobals) = postSolution
		SolutionGuid = {0DAAB330-F2EF-49FC-826C-44E490F0C595}
	EndGlobalSection
EndGlobal
